
Microsoft Visual Studio Solution File, Format Version 12.00
# Visual Studio Version 16
VisualStudioVersion = 16.0.30611.23
MinimumVisualStudioVersion = 10.0.40219.1
Project("{FAE04EC0-301F-11D3-BF4B-00C04F79EFBC}") = "PracticeLinq", "PracticeLinq\PracticeLinq.csproj", "{097B890E-1D16-4C8E-93F9-84AC37EDBCBB}"
EndProject
Global
	GlobalSection(SolutionConfigurationPlatforms) = preSolution
		Debug|Any CPU = Debug|Any CPU
		Release|Any CPU = Release|Any CPU
	EndGlobalSection
	GlobalSection(ProjectConfigurationPlatforms) = postSolution
		{097B890E-1D16-4C8E-93F9-84AC37EDBCBB}.Debug|Any CPU.ActiveCfg = Debug|Any CPU
		{097B890E-1D16-4C8E-93F9-84AC37EDBCBB}.Debug|Any CPU.Build.0 = Debug|Any CPU
		{097B890E-1D16-4C8E-93F9-84AC37EDBCBB}.Release|Any CPU.ActiveCfg = Release|Any CPU
		{097B890E-1D16-4C8E-93F9-84AC37EDBCBB}.Release|Any CPU.Build.0 = Release|Any CPU
	EndGlobalSection
	GlobalSection(SolutionProperties) = preSolution
		HideSolutionNode = FALSE
	EndGlobalSection
	GlobalSection(ExtensibilityGlobals) = postSolution
		SolutionGuid = {26D26476-FF0E-47C2-85CC-AE4D19E29213}
	EndGlobalSection
EndGlobal
